
Microsoft Visual Studio Solution File, Format Version 12.00
# Visual Studio Version 16
VisualStudioVersion = 16.0.32413.511
MinimumVisualStudioVersion = 10.0.40219.1
Project("{FAE04EC0-301F-11D3-BF4B-00C04F79EFBC}") = "Path Sum III", "Path Sum III\Path Sum III.csproj", "{B474B2DE-5DF5-4B56-A284-CDFF2ADCECDF}"
EndProject
Global
	GlobalSection(SolutionConfigurationPlatforms) = preSolution
		Debug|Any CPU = Debug|Any CPU
		Release|Any CPU = Release|Any CPU
	EndGlobalSection
	GlobalSection(ProjectConfigurationPlatforms) = postSolution
		{B474B2DE-5DF5-4B56-A284-CDFF2ADCECDF}.Debug|Any CPU.ActiveCfg = Debug|Any CPU
		{B474B2DE-5DF5-4B56-A284-CDFF2ADCECDF}.Debug|Any CPU.Build.0 = Debug|Any CPU
		{B474B2DE-5DF5-4B56-A284-CDFF2ADCECDF}.Release|Any CPU.ActiveCfg = Release|Any CPU
		{B474B2DE-5DF5-4B56-A284-CDFF2ADCECDF}.Release|Any CPU.Build.0 = Release|Any CPU
	EndGlobalSection
	GlobalSection(SolutionProperties) = preSolution
		HideSolutionNode = FALSE
	EndGlobalSection
	GlobalSection(ExtensibilityGlobals) = postSolution
		SolutionGuid = {518554A9-DDA8-4BE2-8CD4-128CB12D1266}
	EndGlobalSection
EndGlobal
